{
  "name": "dataform-expectations",
  "lockfileVersion": 2,
  "requires": true,
  "packages": {
    "": {
      "name": "dataform-expectations",
      "dependencies": {
        "@dataform/core": "2.9.0",
        "require-dir": "1.2.0"
      }
    },
    "node_modules/@dataform/core": {
      "version": "2.9.0",
      "resolved": "https://registry.npmjs.org/@dataform/core/-/core-2.9.0.tgz",
      "integrity": "sha512-S0aJMpof0uxL7Sodi7CH3ewlN83NFm0kRDvWoBfc0prw/a5wVIAY1LZWeg/6icqKPUw5b5xWn2ub82YrD8zVTg=="
    },
    "node_modules/require-dir": {
      "version": "1.2.0",
      "resolved": "https://registry.npmjs.org/require-dir/-/require-dir-1.2.0.tgz",
      "integrity": "sha512-LY85DTSu+heYgDqq/mK+7zFHWkttVNRXC9NKcKGyuGLdlsfbjEPrIEYdCVrx6hqnJb+xSu3Lzaoo8VnmOhhjNA==",
      "engines": {
        "node": "*"
      }
    }
  },
  "dependencies": {
    "@dataform/core": {
      "version": "2.9.0",
      "resolved": "https://registry.npmjs.org/@dataform/core/-/core-2.9.0.tgz",
      "integrity": "sha512-S0aJMpof0uxL7Sodi7CH3ewlN83NFm0kRDvWoBfc0prw/a5wVIAY1LZWeg/6icqKPUw5b5xWn2ub82YrD8zVTg=="
    },
    "require-dir": {
      "version": "1.2.0",
      "resolved": "https://registry.npmjs.org/require-dir/-/require-dir-1.2.0.tgz",
      "integrity": "sha512-LY85DTSu+heYgDqq/mK+7zFHWkttVNRXC9NKcKGyuGLdlsfbjEPrIEYdCVrx6hqnJb+xSu3Lzaoo8VnmOhhjNA=="
    }
  }
}
