{
  "name": "dataform-expectations",
  "lockfileVersion": 2,
  "requires": true,
  "packages": {
    "": {
      "name": "dataform-expectations",
      "dependencies": {
        "@dataform/core": "2.9.0",
        "dataform-expectations": "https://github.com/ota2000/dataform-expectations/archive/refs/tags/0.0.1.tar.gz"
      }
    },
    "node_modules/@dataform/core": {
      "version": "2.9.0",
      "resolved": "https://registry.npmjs.org/@dataform/core/-/core-2.9.0.tgz",
      "integrity": "sha512-S0aJMpof0uxL7Sodi7CH3ewlN83NFm0kRDvWoBfc0prw/a5wVIAY1LZWeg/6icqKPUw5b5xWn2ub82YrD8zVTg=="
    },
    "node_modules/dataform-expectations": {
      "resolved": "https://github.com/ota2000/dataform-expectations/archive/refs/tags/0.0.1.tar.gz",
      "integrity": "sha512-xjJJzAZv6tZbgyPeRWe9a81F2XR/C1lwg+qa+q7WKsjL3vLV8r61ERMtGH69VXE6CeGDrgLFqx6T2z8XMnK5AQ==",
      "dependencies": {
        "@dataform/core": "2.9.0"
      }
    }
  },
  "dependencies": {
    "@dataform/core": {
      "version": "2.9.0",
      "resolved": "https://registry.npmjs.org/@dataform/core/-/core-2.9.0.tgz",
      "integrity": "sha512-S0aJMpof0uxL7Sodi7CH3ewlN83NFm0kRDvWoBfc0prw/a5wVIAY1LZWeg/6icqKPUw5b5xWn2ub82YrD8zVTg=="
    },
    "dataform-expectations": {
      "version": "https://github.com/ota2000/dataform-expectations/archive/refs/tags/0.0.1.tar.gz",
      "integrity": "sha512-xjJJzAZv6tZbgyPeRWe9a81F2XR/C1lwg+qa+q7WKsjL3vLV8r61ERMtGH69VXE6CeGDrgLFqx6T2z8XMnK5AQ==",
      "requires": {
        "@dataform/core": "2.9.0"
      }
    }
  }
}
